{
  "version": 4,
  "terraform_version": "1.14.8",
  "serial": 9,
  "lineage": "20b2a404-5837-d158-954d-39874259d082",
  "outputs": {
    "container_app_environment_id": {
      "value": "/subscriptions/5216bee2-e062-4213-bc95-99b40fa27795/resourceGroups/arch-coe-apimanager-rg/providers/Microsoft.App/managedEnvironments/apimanager-container-env",
      "type": "string"
    },
    "container_registry_admin_password": {
      "value": "DILt25cFKfGuVaSlHG2nfH0OvH0pcvBgvyh4i5bOz7pCgs1Kmt8JJQQJ99CDACHYHv6Eqg7NAAACAZCRFMzb",
      "type": "string",
      "sensitive": true
    },
    "container_registry_admin_username": {
      "value": "apimanagerregistry",
      "type": "string"
    },
    "container_registry_login_server": {
      "value": "apimanagerregistry.azurecr.io",
      "type": "string"
    }
  },
  "resources": [
    {
      "mode": "managed",
      "type": "azurerm_container_app_environment",
      "name": "apimanager",
      "provider": "provider[\"registry.terraform.io/hashicorp/azurerm\"]",
      "instances": [
        {
          "schema_version": 0,
          "attributes": {
            "custom_domain_verification_id": "8876C2C94D5F3BFDC9E2C69CB015A85DA8628B8854727995DF8CBFA3867FEBD1",
            "dapr_application_insights_connection_string": "",
            "default_domain": "graypond-a8fcb6ad.eastus2.azurecontainerapps.io",
            "docker_bridge_cidr": "",
            "id": "/subscriptions/5216bee2-e062-4213-bc95-99b40fa27795/resourceGroups/arch-coe-apimanager-rg/providers/Microsoft.App/managedEnvironments/apimanager-container-env",
            "identity": [],
            "infrastructure_resource_group_name": "",
            "infrastructure_subnet_id": "",
            "internal_load_balancer_enabled": false,
            "location": "eastus2",
            "log_analytics_workspace_id": "",
            "logs_destination": "",
            "mutual_tls_enabled": false,
            "name": "apimanager-container-env",
            "platform_reserved_cidr": "",
            "platform_reserved_dns_ip_address": "",
            "public_network_access": "Enabled",
            "resource_group_name": "arch-coe-apimanager-rg",
            "static_ip_address": "48.211.198.77",
            "tags": {
              "CountryCode": "FR"
            },
            "timeouts": null,
            "workload_profile": [],
            "zone_redundancy_enabled": false
          },
          "sensitive_attributes": [
            [
              {
                "type": "get_attr",
                "value": "dapr_application_insights_connection_string"
              }
            ]
          ],
          "identity_schema_version": 0,
          "private": "eyJlMmJmYjczMC1lY2FhLTExZTYtOGY4OC0zNDM2M2JjN2M0YzAiOnsiY3JlYXRlIjoxODAwMDAwMDAwMDAwLCJkZWxldGUiOjE4MDAwMDAwMDAwMDAsInJlYWQiOjMwMDAwMDAwMDAwMCwidXBkYXRlIjoxODAwMDAwMDAwMDAwfX0=",
          "dependencies": [
            "azurerm_resource_group.apimanager"
          ]
        }
      ]
    },
    {
      "mode": "managed",
      "type": "azurerm_container_registry",
      "name": "apimanager",
      "provider": "provider[\"registry.terraform.io/hashicorp/azurerm\"]",
      "instances": [
        {
          "schema_version": 2,
          "attributes": {
            "admin_enabled": true,
            "admin_password": "DILt25cFKfGuVaSlHG2nfH0OvH0pcvBgvyh4i5bOz7pCgs1Kmt8JJQQJ99CDACHYHv6Eqg7NAAACAZCRFMzb",
            "admin_username": "apimanagerregistry",
            "anonymous_pull_enabled": false,
            "data_endpoint_enabled": false,
            "data_endpoint_host_names": [],
            "encryption": [],
            "export_policy_enabled": true,
            "georeplications": [],
            "id": "/subscriptions/5216bee2-e062-4213-bc95-99b40fa27795/resourceGroups/arch-coe-apimanager-rg/providers/Microsoft.ContainerRegistry/registries/apimanagerregistry",
            "identity": [],
            "location": "eastus2",
            "login_server": "apimanagerregistry.azurecr.io",
            "name": "apimanagerregistry",
            "network_rule_bypass_option": "AzureServices",
            "network_rule_set": [],
            "public_network_access_enabled": true,
            "quarantine_policy_enabled": false,
            "resource_group_name": "arch-coe-apimanager-rg",
            "retention_policy_in_days": 0,
            "sku": "Basic",
            "tags": {
              "CountryCode": "FR"
            },
            "timeouts": null,
            "trust_policy_enabled": false,
            "zone_redundancy_enabled": false
          },
          "sensitive_attributes": [
            [
              {
                "type": "get_attr",
                "value": "admin_password"
              }
            ]
          ],
          "identity_schema_version": 0,
          "private": "eyJlMmJmYjczMC1lY2FhLTExZTYtOGY4OC0zNDM2M2JjN2M0YzAiOnsiY3JlYXRlIjoxODAwMDAwMDAwMDAwLCJkZWxldGUiOjE4MDAwMDAwMDAwMDAsInJlYWQiOjMwMDAwMDAwMDAwMCwidXBkYXRlIjoxODAwMDAwMDAwMDAwfSwic2NoZW1hX3ZlcnNpb24iOiIyIn0=",
          "dependencies": [
            "azurerm_resource_group.apimanager"
          ]
        }
      ]
    },
    {
      "mode": "managed",
      "type": "azurerm_linux_web_app",
      "name": "apimanager",
      "provider": "provider[\"registry.terraform.io/hashicorp/azurerm\"]",
      "instances": [
        {
          "schema_version": 1,
          "attributes": {
            "app_settings": {
              "WEBSITES_ENABLE_APP_SERVICE_STORAGE": "false"
            },
            "auth_settings": [
              {
                "active_directory": [],
                "additional_login_parameters": {},
                "allowed_external_redirect_urls": [],
                "default_provider": "",
                "enabled": false,
                "facebook": [],
                "github": [],
                "google": [],
                "issuer": "",
                "microsoft": [],
                "runtime_version": "",
                "token_refresh_extension_hours": 0,
                "token_store_enabled": false,
                "twitter": [],
                "unauthenticated_client_action": ""
              }
            ],
            "auth_settings_v2": [],
            "backup": [],
            "client_affinity_enabled": false,
            "client_certificate_enabled": false,
            "client_certificate_exclusion_paths": "",
            "client_certificate_mode": "Required",
            "connection_string": [],
            "custom_domain_verification_id": "8876C2C94D5F3BFDC9E2C69CB015A85DA8628B8854727995DF8CBFA3867FEBD1",
            "default_hostname": "apimanager-api-webapp.azurewebsites.net",
            "enabled": true,
            "ftp_publish_basic_authentication_enabled": true,
            "hosting_environment_id": "",
            "https_only": true,
            "id": "/subscriptions/5216bee2-e062-4213-bc95-99b40fa27795/resourceGroups/arch-coe-apimanager-rg/providers/Microsoft.Web/sites/apimanager-api-webapp",
            "identity": [],
            "key_vault_reference_identity_id": "SystemAssigned",
            "kind": "app,linux,container",
            "location": "eastus2",
            "logs": [],
            "name": "apimanager-api-webapp",
            "outbound_ip_address_list": [
              "4.152.31.222",
              "4.152.30.82",
              "4.152.31.99",
              "4.152.31.191",
              "20.96.136.50",
              "20.96.136.71",
              "4.152.25.111",
              "4.152.25.181",
              "4.152.25.214",
              "4.152.26.13",
              "4.152.26.78",
              "4.152.26.114",
              "20.119.144.19"
            ],
            "outbound_ip_addresses": "4.152.31.222,4.152.30.82,4.152.31.99,4.152.31.191,20.96.136.50,20.96.136.71,4.152.25.111,4.152.25.181,4.152.25.214,4.152.26.13,4.152.26.78,4.152.26.114,20.119.144.19",
            "possible_outbound_ip_address_list": [
              "4.152.31.222",
              "4.152.30.82",
              "4.152.31.99",
              "4.152.31.191",
              "20.96.136.50",
              "20.96.136.71",
              "4.152.25.111",
              "4.152.25.181",
              "4.152.25.214",
              "4.152.26.13",
              "4.152.26.78",
              "4.152.26.114",
              "4.152.26.230",
              "4.152.27.10",
              "4.152.27.113",
              "4.152.27.120",
              "4.152.27.248",
              "4.152.27.251",
              "4.152.28.235",
              "4.152.30.29",
              "4.152.30.74",
              "4.152.31.11",
              "4.152.31.92",
              "4.152.31.182",
              "20.96.136.113",
              "20.96.136.152",
              "20.96.136.176",
              "20.96.136.200",
              "20.96.136.227",
              "20.96.136.237",
              "20.119.144.19"
            ],
            "possible_outbound_ip_addresses": "4.152.31.222,4.152.30.82,4.152.31.99,4.152.31.191,20.96.136.50,20.96.136.71,4.152.25.111,4.152.25.181,4.152.25.214,4.152.26.13,4.152.26.78,4.152.26.114,4.152.26.230,4.152.27.10,4.152.27.113,4.152.27.120,4.152.27.248,4.152.27.251,4.152.28.235,4.152.30.29,4.152.30.74,4.152.31.11,4.152.31.92,4.152.31.182,20.96.136.113,20.96.136.152,20.96.136.176,20.96.136.200,20.96.136.227,20.96.136.237,20.119.144.19",
            "public_network_access_enabled": true,
            "resource_group_name": "arch-coe-apimanager-rg",
            "service_plan_id": "/subscriptions/5216bee2-e062-4213-bc95-99b40fa27795/resourceGroups/arch-coe-apimanager-rg/providers/Microsoft.Web/serverFarms/apimanager-service-plan",
            "site_config": [
              {
                "always_on": false,
                "api_definition_url": "",
                "api_management_api_id": "",
                "app_command_line": "",
                "application_stack": [
                  {
                    "docker_image_name": "apimanagerregistry.azurecr.io/mcr.microsoft.com/azuredocs/containerapps-helloworld:latest",
                    "docker_registry_password": "DILt25cFKfGuVaSlHG2nfH0OvH0pcvBgvyh4i5bOz7pCgs1Kmt8JJQQJ99CDACHYHv6Eqg7NAAACAZCRFMzb",
                    "docker_registry_url": "https://apimanagerregistry.azurecr.io",
                    "docker_registry_username": "apimanagerregistry",
                    "dotnet_version": "",
                    "go_version": "",
                    "java_server": "",
                    "java_server_version": "",
                    "java_version": "",
                    "node_version": "",
                    "php_version": "",
                    "python_version": "",
                    "ruby_version": ""
                  }
                ],
                "auto_heal_setting": [],
                "container_registry_managed_identity_client_id": "",
                "container_registry_use_managed_identity": false,
                "cors": [],
                "default_documents": [
                  "Default.htm",
                  "Default.html",
                  "Default.asp",
                  "index.htm",
                  "index.html",
                  "iisstart.htm",
                  "default.aspx",
                  "index.php",
                  "hostingstart.html"
                ],
                "detailed_error_logging_enabled": false,
                "ftps_state": "Disabled",
                "health_check_eviction_time_in_min": 0,
                "health_check_path": "",
                "http2_enabled": false,
                "ip_restriction": [],
                "ip_restriction_default_action": "Allow",
                "linux_fx_version": "DOCKER|apimanagerregistry.azurecr.io/apimanagerregistry.azurecr.io/mcr.microsoft.com/azuredocs/containerapps-helloworld:latest",
                "load_balancing_mode": "LeastRequests",
                "local_mysql_enabled": false,
                "managed_pipeline_mode": "Integrated",
                "minimum_tls_version": "1.2",
                "remote_debugging_enabled": false,
                "remote_debugging_version": "VS2022",
                "scm_ip_restriction": [],
                "scm_ip_restriction_default_action": "Allow",
                "scm_minimum_tls_version": "1.2",
                "scm_type": "None",
                "scm_use_main_ip_restriction": false,
                "use_32_bit_worker": true,
                "vnet_route_all_enabled": false,
                "websockets_enabled": false,
                "worker_count": 1
              }
            ],
            "site_credential": [
              {
                "name": "$apimanager-api-webapp",
                "password": "AvFTpvTv6yEJp3qvAPEmMhDmnLkG46g2DASLXzScLP4vaEdSDXjxrXS0dgf1"
              }
            ],
            "sticky_settings": [],
            "storage_account": [],
            "tags": {
              "CountryCode": "FR"
            },
            "timeouts": null,
            "virtual_network_backup_restore_enabled": false,
            "virtual_network_subnet_id": "",
            "vnet_image_pull_enabled": false,
            "webdeploy_publish_basic_authentication_enabled": true,
            "zip_deploy_file": ""
          },
          "sensitive_attributes": [
            [
              {
                "type": "get_attr",
                "value": "custom_domain_verification_id"
              }
            ],
            [
              {
                "type": "get_attr",
                "value": "site_config"
              },
              {
                "type": "index",
                "value": {
                  "value": 0,
                  "type": "number"
                }
              },
              {
                "type": "get_attr",
                "value": "application_stack"
              },
              {
                "type": "index",
                "value": {
                  "value": 0,
                  "type": "number"
                }
              },
              {
                "type": "get_attr",
                "value": "docker_registry_password"
              }
            ],
            [
              {
                "type": "get_attr",
                "value": "site_credential"
              }
            ]
          ],
          "identity_schema_version": 0,
          "private": "eyJlMmJmYjczMC1lY2FhLTExZTYtOGY4OC0zNDM2M2JjN2M0YzAiOnsiY3JlYXRlIjoxODAwMDAwMDAwMDAwLCJkZWxldGUiOjE4MDAwMDAwMDAwMDAsInJlYWQiOjMwMDAwMDAwMDAwMCwidXBkYXRlIjoxODAwMDAwMDAwMDAwfSwic2NoZW1hX3ZlcnNpb24iOiIxIn0=",
          "dependencies": [
            "azurerm_container_registry.apimanager",
            "azurerm_resource_group.apimanager",
            "azurerm_service_plan.apimanager"
          ]
        }
      ]
    },
    {
      "mode": "managed",
      "type": "azurerm_resource_group",
      "name": "apimanager",
      "provider": "provider[\"registry.terraform.io/hashicorp/azurerm\"]",
      "instances": [
        {
          "schema_version": 0,
          "attributes": {
            "id": "/subscriptions/5216bee2-e062-4213-bc95-99b40fa27795/resourceGroups/arch-coe-apimanager-rg",
            "location": "eastus2",
            "managed_by": "",
            "name": "arch-coe-apimanager-rg",
            "tags": {
              "CountryCode": "FR"
            },
            "timeouts": null
          },
          "sensitive_attributes": [],
          "identity_schema_version": 0,
          "identity": {
            "name": "arch-coe-apimanager-rg",
            "subscription_id": "5216bee2-e062-4213-bc95-99b40fa27795"
          },
          "private": "eyJlMmJmYjczMC1lY2FhLTExZTYtOGY4OC0zNDM2M2JjN2M0YzAiOnsiY3JlYXRlIjo1NDAwMDAwMDAwMDAwLCJkZWxldGUiOjU0MDAwMDAwMDAwMDAsInJlYWQiOjMwMDAwMDAwMDAwMCwidXBkYXRlIjo1NDAwMDAwMDAwMDAwfX0="
        }
      ]
    },
    {
      "mode": "managed",
      "type": "azurerm_service_plan",
      "name": "apimanager",
      "provider": "provider[\"registry.terraform.io/hashicorp/azurerm\"]",
      "instances": [
        {
          "schema_version": 1,
          "attributes": {
            "app_service_environment_id": "",
            "id": "/subscriptions/5216bee2-e062-4213-bc95-99b40fa27795/resourceGroups/arch-coe-apimanager-rg/providers/Microsoft.Web/serverFarms/apimanager-service-plan",
            "kind": "linux",
            "location": "eastus2",
            "maximum_elastic_worker_count": 1,
            "name": "apimanager-service-plan",
            "os_type": "Linux",
            "per_site_scaling_enabled": false,
            "premium_plan_auto_scale_enabled": false,
            "reserved": true,
            "resource_group_name": "arch-coe-apimanager-rg",
            "sku_name": "F1",
            "tags": {
              "CountryCode": "FR"
            },
            "timeouts": null,
            "worker_count": 1,
            "zone_balancing_enabled": false
          },
          "sensitive_attributes": [],
          "identity_schema_version": 0,
          "identity": {
            "name": "apimanager-service-plan",
            "resource_group_name": "arch-coe-apimanager-rg",
            "subscription_id": "5216bee2-e062-4213-bc95-99b40fa27795"
          },
          "private": "eyJlMmJmYjczMC1lY2FhLTExZTYtOGY4OC0zNDM2M2JjN2M0YzAiOnsiY3JlYXRlIjozNjAwMDAwMDAwMDAwLCJkZWxldGUiOjM2MDAwMDAwMDAwMDAsInJlYWQiOjMwMDAwMDAwMDAwMCwidXBkYXRlIjozNjAwMDAwMDAwMDAwfSwic2NoZW1hX3ZlcnNpb24iOiIxIn0=",
          "dependencies": [
            "azurerm_resource_group.apimanager"
          ]
        }
      ]
    }
  ],
  "check_results": null
}
